<?xml version="1.0" encoding="utf-8"?>
<Project ToolsVersion="4.0" xmlns="http://schemas.microsoft.com/developer/msbuild/2003">
  <ItemGroup>
    <Filter Include="Source Files">
      <UniqueIdentifier>{4FC737F1-C7A5-4376-A066-2A32D752A2FF}</UniqueIdentifier>
      <Extensions>cpp;c;cc;cxx;c++;cppm;ixx;def;odl;idl;hpj;bat;asm;asmx</Extensions>
    </Filter>
    <Filter Include="Header Files">
      <UniqueIdentifier>{93995380-89BD-4b04-88EB-625FBE52EBFB}</UniqueIdentifier>
      <Extensions>h;hh;hpp;hxx;h++;hm;inl;inc;ipp;xsd</Extensions>
    </Filter>
    <Filter Include="Resource Files">
      <UniqueIdentifier>{67DA6AB6-F800-4c08-8B7A-83BB121AAD01}</UniqueIdentifier>
      <Extensions>rc;ico;cur;bmp;dlg;rc2;rct;bin;rgs;gif;jpg;jpeg;jpe;resx;tiff;tif;png;wav;mfcribbon-ms</Extensions>
    </Filter>
    <Filter Include="Source Files\Sorts">
      <UniqueIdentifier>{ba6b26d2-e664-4ec0-9528-e3d78510cbf2}</UniqueIdentifier>
    </Filter>
    <Filter Include="Source Files\Utils">
      <UniqueIdentifier>{bce1d7ae-5b4d-4b94-884d-8a431ca6bbd1}</UniqueIdentifier>
    </Filter>
    <Filter Include="Source Files\Visualizer">
      <UniqueIdentifier>{ee5d0646-00cb-423d-97c8-b9b8ccdbc5c0}</UniqueIdentifier>
    </Filter>
    <Filter Include="Source Files\Visualizer\Renderer">
      <UniqueIdentifier>{13af90f8-d724-414b-9663-07c4376f1916}</UniqueIdentifier>
    </Filter>
    <Filter Include="Header Files\Visualizer">
      <UniqueIdentifier>{b5343a28-b11b-48dd-8b27-7a35473e0801}</UniqueIdentifier>
    </Filter>
    <Filter Include="Header Files\Visualizer\Renderer">
      <UniqueIdentifier>{be43e98e-511f-4b7a-8532-d77383af2884}</UniqueIdentifier>
    </Filter>
    <Filter Include="Header Files\Utils">
      <UniqueIdentifier>{190aae32-827c-48ef-a0d8-d43ea430028e}</UniqueIdentifier>
    </Filter>
  </ItemGroup>
  <ItemGroup>
    <ClCompile Include="Source\Main.c">
      <Filter>Source Files</Filter>
    </ClCompile>
    <ClCompile Include="Source\Sorts\InsertionSort.c">
      <Filter>Source Files\Sorts</Filter>
    </ClCompile>
    <ClCompile Include="Source\Sorts\ShellSort.c">
      <Filter>Source Files\Sorts</Filter>
    </ClCompile>
    <ClCompile Include="Source\Sorts\QuickSort.c">
      <Filter>Source Files\Sorts</Filter>
    </ClCompile>
    <ClCompile Include="Source\Sorts\MergeSort.c">
      <Filter>Source Files\Sorts</Filter>
    </ClCompile>
    <ClCompile Include="Source\Sorts\HeapSort.c">
      <Filter>Source Files\Sorts</Filter>
    </ClCompile>
    <ClCompile Include="Source\Sorts\FlashSort.c">
      <Filter>Source Files\Sorts</Filter>
    </ClCompile>
    <ClCompile Include="Source\Sorts\PigeonholeSort.c">
      <Filter>Source Files\Sorts</Filter>
    </ClCompile>
    <ClCompile Include="Source\Utils\Time.c">
      <Filter>Source Files\Utils</Filter>
    </ClCompile>
    <ClCompile Include="Source\Utils\Random.c">
      <Filter>Source Files\Utils</Filter>
    </ClCompile>
    <ClCompile Include="Source\Visualizer\Visualizer.c">
      <Filter>Source Files\Visualizer</Filter>
    </ClCompile>
    <ClCompile Include="Source\Sorts.c">
      <Filter>Source Files</Filter>
    </ClCompile>
    <ClCompile Include="Source\Visualizer\Renderer\ColumnWindowsConsole.c">
      <Filter>Source Files\Visualizer\Renderer</Filter>
    </ClCompile>
    <ClCompile Include="Source\Utils\Tree234.c">
      <Filter>Source Files\Utils</Filter>
    </ClCompile>
    <ClCompile Include="Source\Utils\DynamicArray.c">
      <Filter>Source Files\Utils</Filter>
    </ClCompile>
    <ClCompile Include="Source\Visualizer\Renderer\ColumnVirtualTerminal.c">
      <Filter>Source Files\Visualizer\Renderer</Filter>
    </ClCompile>
    <ClCompile Include="Source\Utils\ResourceManager.c">
      <Filter>Source Files\Utils</Filter>
    </ClCompile>
  </ItemGroup>
  <ItemGroup>
    <ClInclude Include="Include\Sorts.h">
      <Filter>Header Files</Filter>
    </ClInclude>
    <ClInclude Include="Include\Visualizer\Renderer\ColumnWindowsConsole.h">
      <Filter>Header Files\Visualizer\Renderer</Filter>
    </ClInclude>
    <ClInclude Include="Include\Visualizer\Renderer\ColumnVirtualTerminal.h">
      <Filter>Header Files\Visualizer\Renderer</Filter>
    </ClInclude>
    <ClInclude Include="Include\Utils\Tree234.h">
      <Filter>Header Files\Utils</Filter>
    </ClInclude>
    <ClInclude Include="Include\Utils\PointerSize.h">
      <Filter>Header Files\Utils</Filter>
    </ClInclude>
    <ClInclude Include="Include\Utils\DynamicArray.h">
      <Filter>Header Files\Utils</Filter>
    </ClInclude>
    <ClInclude Include="Include\Utils\GuardedMalloc.h">
      <Filter>Header Files\Utils</Filter>
    </ClInclude>
    <ClInclude Include="Include\Utils\Random.h">
      <Filter>Header Files\Utils</Filter>
    </ClInclude>
    <ClInclude Include="Include\Utils\Time.h">
      <Filter>Header Files\Utils</Filter>
    </ClInclude>
    <ClInclude Include="Include\Visualizer\Visualizer.h">
      <Filter>Header Files\Visualizer</Filter>
    </ClInclude>
    <ClInclude Include="Include\Utils\ResourceManager.h">
      <Filter>Header Files\Utils</Filter>
    </ClInclude>
  </ItemGroup>
</Project>